
Microsoft Visual Studio Solution File, Format Version 12.00
# Visual Studio 15
VisualStudioVersion = 15.0.26730.8
MinimumVisualStudioVersion = 10.0.40219.1
Project("{8BC9CEB8-8B4A-11D0-8D11-00A0C91BC942}") = "Week46", "LeetCode\LeetCode.vcxproj", "{138777F8-9DA5-471F-BD1D-D90FEA511214}"
EndProject
Project("{8BC9CEB8-8B4A-11D0-8D11-00A0C91BC942}") = "Week46Test", "Week46Test\Week46Test.vcxproj", "{C5D80C97-77CB-4B8A-A539-94E2FBB5C40F}"
EndProject
Project("{8BC9CEB8-8B4A-11D0-8D11-00A0C91BC942}") = "Week45", "Week45\Week45.vcxproj", "{1DC941E2-9D78-4291-9808-BBB33F8A5CF8}"
EndProject
Project("{8BC9CEB8-8B4A-11D0-8D11-00A0C91BC942}") = "Week45Test", "Week45Test\Week45Test.vcxproj", "{22F1F42F-F78B-4777-9E44-5D1408200405}"
EndProject
Project("{8BC9CEB8-8B4A-11D0-8D11-00A0C91BC942}") = "Week47", "Week47\Week47.vcxproj", "{A1B254DD-E762-4872-8660-A76092D6655E}"
EndProject
Project("{8BC9CEB8-8B4A-11D0-8D11-00A0C91BC942}") = "Week47Test", "Week47Test\Week47Test.vcxproj", "{42F4BE75-3F25-48E2-ACE3-7B683D6A46BC}"
EndProject
Global
	GlobalSection(SolutionConfigurationPlatforms) = preSolution
		Debug|x64 = Debug|x64
		Debug|x86 = Debug|x86
		Release|x64 = Release|x64
		Release|x86 = Release|x86
	EndGlobalSection
	GlobalSection(ProjectConfigurationPlatforms) = postSolution
		{138777F8-9DA5-471F-BD1D-D90FEA511214}.Debug|x64.ActiveCfg = Debug|x64
		{138777F8-9DA5-471F-BD1D-D90FEA511214}.Debug|x64.Build.0 = Debug|x64
		{138777F8-9DA5-471F-BD1D-D90FEA511214}.Debug|x86.ActiveCfg = Debug|Win32
		{138777F8-9DA5-471F-BD1D-D90FEA511214}.Debug|x86.Build.0 = Debug|Win32
		{138777F8-9DA5-471F-BD1D-D90FEA511214}.Release|x64.ActiveCfg = Release|x64
		{138777F8-9DA5-471F-BD1D-D90FEA511214}.Release|x64.Build.0 = Release|x64
		{138777F8-9DA5-471F-BD1D-D90FEA511214}.Release|x86.ActiveCfg = Release|Win32
		{138777F8-9DA5-471F-BD1D-D90FEA511214}.Release|x86.Build.0 = Release|Win32
		{C5D80C97-77CB-4B8A-A539-94E2FBB5C40F}.Debug|x64.ActiveCfg = Debug|x64
		{C5D80C97-77CB-4B8A-A539-94E2FBB5C40F}.Debug|x64.Build.0 = Debug|x64
		{C5D80C97-77CB-4B8A-A539-94E2FBB5C40F}.Debug|x86.ActiveCfg = Debug|Win32
		{C5D80C97-77CB-4B8A-A539-94E2FBB5C40F}.Debug|x86.Build.0 = Debug|Win32
		{C5D80C97-77CB-4B8A-A539-94E2FBB5C40F}.Release|x64.ActiveCfg = Release|x64
		{C5D80C97-77CB-4B8A-A539-94E2FBB5C40F}.Release|x64.Build.0 = Release|x64
		{C5D80C97-77CB-4B8A-A539-94E2FBB5C40F}.Release|x86.ActiveCfg = Release|Win32
		{C5D80C97-77CB-4B8A-A539-94E2FBB5C40F}.Release|x86.Build.0 = Release|Win32
		{1DC941E2-9D78-4291-9808-BBB33F8A5CF8}.Debug|x64.ActiveCfg = Debug|x64
		{1DC941E2-9D78-4291-9808-BBB33F8A5CF8}.Debug|x64.Build.0 = Debug|x64
		{1DC941E2-9D78-4291-9808-BBB33F8A5CF8}.Debug|x86.ActiveCfg = Debug|Win32
		{1DC941E2-9D78-4291-9808-BBB33F8A5CF8}.Debug|x86.Build.0 = Debug|Win32
		{1DC941E2-9D78-4291-9808-BBB33F8A5CF8}.Release|x64.ActiveCfg = Release|x64
		{1DC941E2-9D78-4291-9808-BBB33F8A5CF8}.Release|x64.Build.0 = Release|x64
		{1DC941E2-9D78-4291-9808-BBB33F8A5CF8}.Release|x86.ActiveCfg = Release|Win32
		{1DC941E2-9D78-4291-9808-BBB33F8A5CF8}.Release|x86.Build.0 = Release|Win32
		{22F1F42F-F78B-4777-9E44-5D1408200405}.Debug|x64.ActiveCfg = Debug|x64
		{22F1F42F-F78B-4777-9E44-5D1408200405}.Debug|x64.Build.0 = Debug|x64
		{22F1F42F-F78B-4777-9E44-5D1408200405}.Debug|x86.ActiveCfg = Debug|Win32
		{22F1F42F-F78B-4777-9E44-5D1408200405}.Debug|x86.Build.0 = Debug|Win32
		{22F1F42F-F78B-4777-9E44-5D1408200405}.Release|x64.ActiveCfg = Release|x64
		{22F1F42F-F78B-4777-9E44-5D1408200405}.Release|x64.Build.0 = Release|x64
		{22F1F42F-F78B-4777-9E44-5D1408200405}.Release|x86.ActiveCfg = Release|Win32
		{22F1F42F-F78B-4777-9E44-5D1408200405}.Release|x86.Build.0 = Release|Win32
		{A1B254DD-E762-4872-8660-A76092D6655E}.Debug|x64.ActiveCfg = Debug|x64
		{A1B254DD-E762-4872-8660-A76092D6655E}.Debug|x64.Build.0 = Debug|x64
		{A1B254DD-E762-4872-8660-A76092D6655E}.Debug|x86.ActiveCfg = Debug|Win32
		{A1B254DD-E762-4872-8660-A76092D6655E}.Debug|x86.Build.0 = Debug|Win32
		{A1B254DD-E762-4872-8660-A76092D6655E}.Release|x64.ActiveCfg = Release|x64
		{A1B254DD-E762-4872-8660-A76092D6655E}.Release|x64.Build.0 = Release|x64
		{A1B254DD-E762-4872-8660-A76092D6655E}.Release|x86.ActiveCfg = Release|Win32
		{A1B254DD-E762-4872-8660-A76092D6655E}.Release|x86.Build.0 = Release|Win32
		{42F4BE75-3F25-48E2-ACE3-7B683D6A46BC}.Debug|x64.ActiveCfg = Debug|x64
		{42F4BE75-3F25-48E2-ACE3-7B683D6A46BC}.Debug|x64.Build.0 = Debug|x64
		{42F4BE75-3F25-48E2-ACE3-7B683D6A46BC}.Debug|x86.ActiveCfg = Debug|Win32
		{42F4BE75-3F25-48E2-ACE3-7B683D6A46BC}.Debug|x86.Build.0 = Debug|Win32
		{42F4BE75-3F25-48E2-ACE3-7B683D6A46BC}.Release|x64.ActiveCfg = Release|x64
		{42F4BE75-3F25-48E2-ACE3-7B683D6A46BC}.Release|x64.Build.0 = Release|x64
		{42F4BE75-3F25-48E2-ACE3-7B683D6A46BC}.Release|x86.ActiveCfg = Release|Win32
		{42F4BE75-3F25-48E2-ACE3-7B683D6A46BC}.Release|x86.Build.0 = Release|Win32
	EndGlobalSection
	GlobalSection(SolutionProperties) = preSolution
		HideSolutionNode = FALSE
	EndGlobalSection
	GlobalSection(ExtensibilityGlobals) = postSolution
		SolutionGuid = {F47F9740-EC29-4DB1-8286-AFAA970D818A}
	EndGlobalSection
EndGlobal
