
Microsoft Visual Studio Solution File, Format Version 12.00
# Visual Studio 15
VisualStudioVersion = 15.0.27004.2008
MinimumVisualStudioVersion = 10.0.40219.1
Project("{8BC9CEB8-8B4A-11D0-8D11-00A0C91BC942}") = "Week46", "LeetCode\LeetCode.vcxproj", "{138777F8-9DA5-471F-BD1D-D90FEA511214}"
EndProject
Project("{8BC9CEB8-8B4A-11D0-8D11-00A0C91BC942}") = "Week46Test", "Week46Test\Week46Test.vcxproj", "{C5D80C97-77CB-4B8A-A539-94E2FBB5C40F}"
EndProject
Project("{8BC9CEB8-8B4A-11D0-8D11-00A0C91BC942}") = "Week45", "Week45\Week45.vcxproj", "{1DC941E2-9D78-4291-9808-BBB33F8A5CF8}"
EndProject
Project("{8BC9CEB8-8B4A-11D0-8D11-00A0C91BC942}") = "Week45Test", "Week45Test\Week45Test.vcxproj", "{22F1F42F-F78B-4777-9E44-5D1408200405}"
EndProject
Project("{8BC9CEB8-8B4A-11D0-8D11-00A0C91BC942}") = "Week47", "Week47\Week47.vcxproj", "{A1B254DD-E762-4872-8660-A76092D6655E}"
EndProject
Project("{8BC9CEB8-8B4A-11D0-8D11-00A0C91BC942}") = "Week47Test", "Week47Test\Week47Test.vcxproj", "{42F4BE75-3F25-48E2-ACE3-7B683D6A46BC}"
EndProject
Project("{8BC9CEB8-8B4A-11D0-8D11-00A0C91BC942}") = "Week48", "Week48\Week48.vcxproj", "{2EB54C9B-1FFB-4A25-9350-9A014FA866A4}"
EndProject
Project("{8BC9CEB8-8B4A-11D0-8D11-00A0C91BC942}") = "Week48Test", "Week48Test\Week48Test.vcxproj", "{26F238D1-7BF9-4BA9-B19C-51F540EE280C}"
EndProject
Project("{8BC9CEB8-8B4A-11D0-8D11-00A0C91BC942}") = "Week49", "Week49\Week49.vcxproj", "{4924F58F-B382-444D-B4EE-8168227FE9B9}"
EndProject
Project("{8BC9CEB8-8B4A-11D0-8D11-00A0C91BC942}") = "Week49Test", "Week49Test\Week49Test.vcxproj", "{5A05FC3E-242D-43CE-8417-85058FCF6E65}"
EndProject
Project("{8BC9CEB8-8B4A-11D0-8D11-00A0C91BC942}") = "Week50", "Week50\Week50.vcxproj", "{0181704E-9C55-4B83-AA74-490E394644F9}"
EndProject
Project("{8BC9CEB8-8B4A-11D0-8D11-00A0C91BC942}") = "Week50Test", "Week50Test\Week50Test.vcxproj", "{9CF453C8-3624-4B9F-8820-765A9C0DD7AA}"
EndProject
Project("{8BC9CEB8-8B4A-11D0-8D11-00A0C91BC942}") = "Week51Test", "Week51Test\Week51Test.vcxproj", "{3FDE77B2-4EAE-489C-91D8-6EA9430BB92D}"
EndProject
Project("{8BC9CEB8-8B4A-11D0-8D11-00A0C91BC942}") = "Week51", "Week51\Week51.vcxproj", "{60BD1459-DB57-4CE0-846B-0044A3F814E6}"
EndProject
Project("{8BC9CEB8-8B4A-11D0-8D11-00A0C91BC942}") = "Week52", "Week52\Week52.vcxproj", "{5A1B8457-4FCC-4EDD-8DCB-01B7C6D8836B}"
EndProject
Project("{8BC9CEB8-8B4A-11D0-8D11-00A0C91BC942}") = "Week52Test", "Week52Test\Week52Test.vcxproj", "{A3C5B7EF-A20A-4B92-A823-1D5442842543}"
EndProject
Project("{8BC9CEB8-8B4A-11D0-8D11-00A0C91BC942}") = "Week53Test", "Week53Test\Week53Test.vcxproj", "{3C78FBB8-149A-4C75-8A48-2A1E58900C79}"
EndProject
Project("{8BC9CEB8-8B4A-11D0-8D11-00A0C91BC942}") = "Week53", "Week53\Week53.vcxproj", "{06D6D9F8-1710-4F2A-85A1-741A5C101DD5}"
EndProject
Project("{8BC9CEB8-8B4A-11D0-8D11-00A0C91BC942}") = "Week54", "Week54\Week54.vcxproj", "{3620BD8B-0EA3-4AA8-B6B2-7C358EF9EA03}"
EndProject
Project("{8BC9CEB8-8B4A-11D0-8D11-00A0C91BC942}") = "Week54Test", "Week54Test\Week54Test.vcxproj", "{B1208C24-C3A1-4802-AB51-0058691CC5D1}"
EndProject
Project("{8BC9CEB8-8B4A-11D0-8D11-00A0C91BC942}") = "Week55Test", "Week55Test\Week55Test.vcxproj", "{90187C2A-5322-48E6-BE9E-72A3E9B1673C}"
EndProject
Project("{8BC9CEB8-8B4A-11D0-8D11-00A0C91BC942}") = "Week55", "Week55\Week55.vcxproj", "{DC73958E-98C9-4264-AD60-098330ED4416}"
EndProject
Project("{8BC9CEB8-8B4A-11D0-8D11-00A0C91BC942}") = "Week56Test", "Week56Test\Week56Test.vcxproj", "{AB35203C-C099-4102-866B-9B41AC51BDE0}"
EndProject
Project("{8BC9CEB8-8B4A-11D0-8D11-00A0C91BC942}") = "Week56", "Week56\Week56.vcxproj", "{C20ADC9C-98BE-44F7-8580-1414F02B6DCB}"
EndProject
Project("{8BC9CEB8-8B4A-11D0-8D11-00A0C91BC942}") = "Week57", "Week57\Week57.vcxproj", "{2A7ED7B0-57B0-4A83-99EF-33246E63D8A8}"
EndProject
Project("{8BC9CEB8-8B4A-11D0-8D11-00A0C91BC942}") = "Week57Test", "Week57Test\Week57Test.vcxproj", "{D1740049-142D-4C4B-945E-4184E19B516E}"
EndProject
Project("{8BC9CEB8-8B4A-11D0-8D11-00A0C91BC942}") = "Week58Test", "Week58Test\Week58Test.vcxproj", "{CF5F3397-A652-41E1-AA11-815078B5C8DB}"
EndProject
Project("{8BC9CEB8-8B4A-11D0-8D11-00A0C91BC942}") = "Week58", "Week58\Week58.vcxproj", "{B705FBDA-6D5B-4419-9E90-44B6530837BC}"
EndProject
Global
	GlobalSection(SolutionConfigurationPlatforms) = preSolution
		Debug|x64 = Debug|x64
		Debug|x86 = Debug|x86
		Release|x64 = Release|x64
		Release|x86 = Release|x86
	EndGlobalSection
	GlobalSection(ProjectConfigurationPlatforms) = postSolution
		{138777F8-9DA5-471F-BD1D-D90FEA511214}.Debug|x64.ActiveCfg = Debug|x64
		{138777F8-9DA5-471F-BD1D-D90FEA511214}.Debug|x64.Build.0 = Debug|x64
		{138777F8-9DA5-471F-BD1D-D90FEA511214}.Debug|x86.ActiveCfg = Debug|Win32
		{138777F8-9DA5-471F-BD1D-D90FEA511214}.Debug|x86.Build.0 = Debug|Win32
		{138777F8-9DA5-471F-BD1D-D90FEA511214}.Release|x64.ActiveCfg = Release|x64
		{138777F8-9DA5-471F-BD1D-D90FEA511214}.Release|x64.Build.0 = Release|x64
		{138777F8-9DA5-471F-BD1D-D90FEA511214}.Release|x86.ActiveCfg = Release|Win32
		{138777F8-9DA5-471F-BD1D-D90FEA511214}.Release|x86.Build.0 = Release|Win32
		{C5D80C97-77CB-4B8A-A539-94E2FBB5C40F}.Debug|x64.ActiveCfg = Debug|x64
		{C5D80C97-77CB-4B8A-A539-94E2FBB5C40F}.Debug|x64.Build.0 = Debug|x64
		{C5D80C97-77CB-4B8A-A539-94E2FBB5C40F}.Debug|x86.ActiveCfg = Debug|Win32
		{C5D80C97-77CB-4B8A-A539-94E2FBB5C40F}.Debug|x86.Build.0 = Debug|Win32
		{C5D80C97-77CB-4B8A-A539-94E2FBB5C40F}.Release|x64.ActiveCfg = Release|x64
		{C5D80C97-77CB-4B8A-A539-94E2FBB5C40F}.Release|x64.Build.0 = Release|x64
		{C5D80C97-77CB-4B8A-A539-94E2FBB5C40F}.Release|x86.ActiveCfg = Release|Win32
		{C5D80C97-77CB-4B8A-A539-94E2FBB5C40F}.Release|x86.Build.0 = Release|Win32
		{1DC941E2-9D78-4291-9808-BBB33F8A5CF8}.Debug|x64.ActiveCfg = Debug|x64
		{1DC941E2-9D78-4291-9808-BBB33F8A5CF8}.Debug|x64.Build.0 = Debug|x64
		{1DC941E2-9D78-4291-9808-BBB33F8A5CF8}.Debug|x86.ActiveCfg = Debug|Win32
		{1DC941E2-9D78-4291-9808-BBB33F8A5CF8}.Debug|x86.Build.0 = Debug|Win32
		{1DC941E2-9D78-4291-9808-BBB33F8A5CF8}.Release|x64.ActiveCfg = Release|x64
		{1DC941E2-9D78-4291-9808-BBB33F8A5CF8}.Release|x64.Build.0 = Release|x64
		{1DC941E2-9D78-4291-9808-BBB33F8A5CF8}.Release|x86.ActiveCfg = Release|Win32
		{1DC941E2-9D78-4291-9808-BBB33F8A5CF8}.Release|x86.Build.0 = Release|Win32
		{22F1F42F-F78B-4777-9E44-5D1408200405}.Debug|x64.ActiveCfg = Debug|x64
		{22F1F42F-F78B-4777-9E44-5D1408200405}.Debug|x64.Build.0 = Debug|x64
		{22F1F42F-F78B-4777-9E44-5D1408200405}.Debug|x86.ActiveCfg = Debug|Win32
		{22F1F42F-F78B-4777-9E44-5D1408200405}.Debug|x86.Build.0 = Debug|Win32
		{22F1F42F-F78B-4777-9E44-5D1408200405}.Release|x64.ActiveCfg = Release|x64
		{22F1F42F-F78B-4777-9E44-5D1408200405}.Release|x64.Build.0 = Release|x64
		{22F1F42F-F78B-4777-9E44-5D1408200405}.Release|x86.ActiveCfg = Release|Win32
		{22F1F42F-F78B-4777-9E44-5D1408200405}.Release|x86.Build.0 = Release|Win32
		{A1B254DD-E762-4872-8660-A76092D6655E}.Debug|x64.ActiveCfg = Debug|x64
		{A1B254DD-E762-4872-8660-A76092D6655E}.Debug|x64.Build.0 = Debug|x64
		{A1B254DD-E762-4872-8660-A76092D6655E}.Debug|x86.ActiveCfg = Debug|Win32
		{A1B254DD-E762-4872-8660-A76092D6655E}.Debug|x86.Build.0 = Debug|Win32
		{A1B254DD-E762-4872-8660-A76092D6655E}.Release|x64.ActiveCfg = Release|x64
		{A1B254DD-E762-4872-8660-A76092D6655E}.Release|x64.Build.0 = Release|x64
		{A1B254DD-E762-4872-8660-A76092D6655E}.Release|x86.ActiveCfg = Release|Win32
		{A1B254DD-E762-4872-8660-A76092D6655E}.Release|x86.Build.0 = Release|Win32
		{42F4BE75-3F25-48E2-ACE3-7B683D6A46BC}.Debug|x64.ActiveCfg = Debug|x64
		{42F4BE75-3F25-48E2-ACE3-7B683D6A46BC}.Debug|x64.Build.0 = Debug|x64
		{42F4BE75-3F25-48E2-ACE3-7B683D6A46BC}.Debug|x86.ActiveCfg = Debug|Win32
		{42F4BE75-3F25-48E2-ACE3-7B683D6A46BC}.Debug|x86.Build.0 = Debug|Win32
		{42F4BE75-3F25-48E2-ACE3-7B683D6A46BC}.Release|x64.ActiveCfg = Release|x64
		{42F4BE75-3F25-48E2-ACE3-7B683D6A46BC}.Release|x64.Build.0 = Release|x64
		{42F4BE75-3F25-48E2-ACE3-7B683D6A46BC}.Release|x86.ActiveCfg = Release|Win32
		{42F4BE75-3F25-48E2-ACE3-7B683D6A46BC}.Release|x86.Build.0 = Release|Win32
		{2EB54C9B-1FFB-4A25-9350-9A014FA866A4}.Debug|x64.ActiveCfg = Debug|x64
		{2EB54C9B-1FFB-4A25-9350-9A014FA866A4}.Debug|x64.Build.0 = Debug|x64
		{2EB54C9B-1FFB-4A25-9350-9A014FA866A4}.Debug|x86.ActiveCfg = Debug|Win32
		{2EB54C9B-1FFB-4A25-9350-9A014FA866A4}.Debug|x86.Build.0 = Debug|Win32
		{2EB54C9B-1FFB-4A25-9350-9A014FA866A4}.Release|x64.ActiveCfg = Release|x64
		{2EB54C9B-1FFB-4A25-9350-9A014FA866A4}.Release|x64.Build.0 = Release|x64
		{2EB54C9B-1FFB-4A25-9350-9A014FA866A4}.Release|x86.ActiveCfg = Release|Win32
		{2EB54C9B-1FFB-4A25-9350-9A014FA866A4}.Release|x86.Build.0 = Release|Win32
		{26F238D1-7BF9-4BA9-B19C-51F540EE280C}.Debug|x64.ActiveCfg = Debug|x64
		{26F238D1-7BF9-4BA9-B19C-51F540EE280C}.Debug|x64.Build.0 = Debug|x64
		{26F238D1-7BF9-4BA9-B19C-51F540EE280C}.Debug|x86.ActiveCfg = Debug|Win32
		{26F238D1-7BF9-4BA9-B19C-51F540EE280C}.Debug|x86.Build.0 = Debug|Win32
		{26F238D1-7BF9-4BA9-B19C-51F540EE280C}.Release|x64.ActiveCfg = Release|x64
		{26F238D1-7BF9-4BA9-B19C-51F540EE280C}.Release|x64.Build.0 = Release|x64
		{26F238D1-7BF9-4BA9-B19C-51F540EE280C}.Release|x86.ActiveCfg = Release|Win32
		{26F238D1-7BF9-4BA9-B19C-51F540EE280C}.Release|x86.Build.0 = Release|Win32
		{4924F58F-B382-444D-B4EE-8168227FE9B9}.Debug|x64.ActiveCfg = Debug|x64
		{4924F58F-B382-444D-B4EE-8168227FE9B9}.Debug|x64.Build.0 = Debug|x64
		{4924F58F-B382-444D-B4EE-8168227FE9B9}.Debug|x86.ActiveCfg = Debug|Win32
		{4924F58F-B382-444D-B4EE-8168227FE9B9}.Debug|x86.Build.0 = Debug|Win32
		{4924F58F-B382-444D-B4EE-8168227FE9B9}.Release|x64.ActiveCfg = Release|x64
		{4924F58F-B382-444D-B4EE-8168227FE9B9}.Release|x64.Build.0 = Release|x64
		{4924F58F-B382-444D-B4EE-8168227FE9B9}.Release|x86.ActiveCfg = Release|Win32
		{4924F58F-B382-444D-B4EE-8168227FE9B9}.Release|x86.Build.0 = Release|Win32
		{5A05FC3E-242D-43CE-8417-85058FCF6E65}.Debug|x64.ActiveCfg = Debug|x64
		{5A05FC3E-242D-43CE-8417-85058FCF6E65}.Debug|x64.Build.0 = Debug|x64
		{5A05FC3E-242D-43CE-8417-85058FCF6E65}.Debug|x86.ActiveCfg = Debug|Win32
		{5A05FC3E-242D-43CE-8417-85058FCF6E65}.Debug|x86.Build.0 = Debug|Win32
		{5A05FC3E-242D-43CE-8417-85058FCF6E65}.Release|x64.ActiveCfg = Release|x64
		{5A05FC3E-242D-43CE-8417-85058FCF6E65}.Release|x64.Build.0 = Release|x64
		{5A05FC3E-242D-43CE-8417-85058FCF6E65}.Release|x86.ActiveCfg = Release|Win32
		{5A05FC3E-242D-43CE-8417-85058FCF6E65}.Release|x86.Build.0 = Release|Win32
		{0181704E-9C55-4B83-AA74-490E394644F9}.Debug|x64.ActiveCfg = Debug|x64
		{0181704E-9C55-4B83-AA74-490E394644F9}.Debug|x64.Build.0 = Debug|x64
		{0181704E-9C55-4B83-AA74-490E394644F9}.Debug|x86.ActiveCfg = Debug|Win32
		{0181704E-9C55-4B83-AA74-490E394644F9}.Debug|x86.Build.0 = Debug|Win32
		{0181704E-9C55-4B83-AA74-490E394644F9}.Release|x64.ActiveCfg = Release|x64
		{0181704E-9C55-4B83-AA74-490E394644F9}.Release|x64.Build.0 = Release|x64
		{0181704E-9C55-4B83-AA74-490E394644F9}.Release|x86.ActiveCfg = Release|Win32
		{0181704E-9C55-4B83-AA74-490E394644F9}.Release|x86.Build.0 = Release|Win32
		{9CF453C8-3624-4B9F-8820-765A9C0DD7AA}.Debug|x64.ActiveCfg = Debug|x64
		{9CF453C8-3624-4B9F-8820-765A9C0DD7AA}.Debug|x64.Build.0 = Debug|x64
		{9CF453C8-3624-4B9F-8820-765A9C0DD7AA}.Debug|x86.ActiveCfg = Debug|Win32
		{9CF453C8-3624-4B9F-8820-765A9C0DD7AA}.Debug|x86.Build.0 = Debug|Win32
		{9CF453C8-3624-4B9F-8820-765A9C0DD7AA}.Release|x64.ActiveCfg = Release|x64
		{9CF453C8-3624-4B9F-8820-765A9C0DD7AA}.Release|x64.Build.0 = Release|x64
		{9CF453C8-3624-4B9F-8820-765A9C0DD7AA}.Release|x86.ActiveCfg = Release|Win32
		{9CF453C8-3624-4B9F-8820-765A9C0DD7AA}.Release|x86.Build.0 = Release|Win32
		{3FDE77B2-4EAE-489C-91D8-6EA9430BB92D}.Debug|x64.ActiveCfg = Debug|x64
		{3FDE77B2-4EAE-489C-91D8-6EA9430BB92D}.Debug|x64.Build.0 = Debug|x64
		{3FDE77B2-4EAE-489C-91D8-6EA9430BB92D}.Debug|x86.ActiveCfg = Debug|Win32
		{3FDE77B2-4EAE-489C-91D8-6EA9430BB92D}.Debug|x86.Build.0 = Debug|Win32
		{3FDE77B2-4EAE-489C-91D8-6EA9430BB92D}.Release|x64.ActiveCfg = Release|x64
		{3FDE77B2-4EAE-489C-91D8-6EA9430BB92D}.Release|x64.Build.0 = Release|x64
		{3FDE77B2-4EAE-489C-91D8-6EA9430BB92D}.Release|x86.ActiveCfg = Release|Win32
		{3FDE77B2-4EAE-489C-91D8-6EA9430BB92D}.Release|x86.Build.0 = Release|Win32
		{60BD1459-DB57-4CE0-846B-0044A3F814E6}.Debug|x64.ActiveCfg = Debug|x64
		{60BD1459-DB57-4CE0-846B-0044A3F814E6}.Debug|x64.Build.0 = Debug|x64
		{60BD1459-DB57-4CE0-846B-0044A3F814E6}.Debug|x86.ActiveCfg = Debug|Win32
		{60BD1459-DB57-4CE0-846B-0044A3F814E6}.Debug|x86.Build.0 = Debug|Win32
		{60BD1459-DB57-4CE0-846B-0044A3F814E6}.Release|x64.ActiveCfg = Release|x64
		{60BD1459-DB57-4CE0-846B-0044A3F814E6}.Release|x64.Build.0 = Release|x64
		{60BD1459-DB57-4CE0-846B-0044A3F814E6}.Release|x86.ActiveCfg = Release|Win32
		{60BD1459-DB57-4CE0-846B-0044A3F814E6}.Release|x86.Build.0 = Release|Win32
		{5A1B8457-4FCC-4EDD-8DCB-01B7C6D8836B}.Debug|x64.ActiveCfg = Debug|x64
		{5A1B8457-4FCC-4EDD-8DCB-01B7C6D8836B}.Debug|x64.Build.0 = Debug|x64
		{5A1B8457-4FCC-4EDD-8DCB-01B7C6D8836B}.Debug|x86.ActiveCfg = Debug|Win32
		{5A1B8457-4FCC-4EDD-8DCB-01B7C6D8836B}.Debug|x86.Build.0 = Debug|Win32
		{5A1B8457-4FCC-4EDD-8DCB-01B7C6D8836B}.Release|x64.ActiveCfg = Release|x64
		{5A1B8457-4FCC-4EDD-8DCB-01B7C6D8836B}.Release|x64.Build.0 = Release|x64
		{5A1B8457-4FCC-4EDD-8DCB-01B7C6D8836B}.Release|x86.ActiveCfg = Release|Win32
		{5A1B8457-4FCC-4EDD-8DCB-01B7C6D8836B}.Release|x86.Build.0 = Release|Win32
		{A3C5B7EF-A20A-4B92-A823-1D5442842543}.Debug|x64.ActiveCfg = Debug|x64
		{A3C5B7EF-A20A-4B92-A823-1D5442842543}.Debug|x64.Build.0 = Debug|x64
		{A3C5B7EF-A20A-4B92-A823-1D5442842543}.Debug|x86.ActiveCfg = Debug|Win32
		{A3C5B7EF-A20A-4B92-A823-1D5442842543}.Debug|x86.Build.0 = Debug|Win32
		{A3C5B7EF-A20A-4B92-A823-1D5442842543}.Release|x64.ActiveCfg = Release|x64
		{A3C5B7EF-A20A-4B92-A823-1D5442842543}.Release|x64.Build.0 = Release|x64
		{A3C5B7EF-A20A-4B92-A823-1D5442842543}.Release|x86.ActiveCfg = Release|Win32
		{A3C5B7EF-A20A-4B92-A823-1D5442842543}.Release|x86.Build.0 = Release|Win32
		{3C78FBB8-149A-4C75-8A48-2A1E58900C79}.Debug|x64.ActiveCfg = Debug|x64
		{3C78FBB8-149A-4C75-8A48-2A1E58900C79}.Debug|x64.Build.0 = Debug|x64
		{3C78FBB8-149A-4C75-8A48-2A1E58900C79}.Debug|x86.ActiveCfg = Debug|Win32
		{3C78FBB8-149A-4C75-8A48-2A1E58900C79}.Debug|x86.Build.0 = Debug|Win32
		{3C78FBB8-149A-4C75-8A48-2A1E58900C79}.Release|x64.ActiveCfg = Release|x64
		{3C78FBB8-149A-4C75-8A48-2A1E58900C79}.Release|x64.Build.0 = Release|x64
		{3C78FBB8-149A-4C75-8A48-2A1E58900C79}.Release|x86.ActiveCfg = Release|Win32
		{3C78FBB8-149A-4C75-8A48-2A1E58900C79}.Release|x86.Build.0 = Release|Win32
		{06D6D9F8-1710-4F2A-85A1-741A5C101DD5}.Debug|x64.ActiveCfg = Debug|x64
		{06D6D9F8-1710-4F2A-85A1-741A5C101DD5}.Debug|x64.Build.0 = Debug|x64
		{06D6D9F8-1710-4F2A-85A1-741A5C101DD5}.Debug|x86.ActiveCfg = Debug|Win32
		{06D6D9F8-1710-4F2A-85A1-741A5C101DD5}.Debug|x86.Build.0 = Debug|Win32
		{06D6D9F8-1710-4F2A-85A1-741A5C101DD5}.Release|x64.ActiveCfg = Release|x64
		{06D6D9F8-1710-4F2A-85A1-741A5C101DD5}.Release|x64.Build.0 = Release|x64
		{06D6D9F8-1710-4F2A-85A1-741A5C101DD5}.Release|x86.ActiveCfg = Release|Win32
		{06D6D9F8-1710-4F2A-85A1-741A5C101DD5}.Release|x86.Build.0 = Release|Win32
		{3620BD8B-0EA3-4AA8-B6B2-7C358EF9EA03}.Debug|x64.ActiveCfg = Debug|x64
		{3620BD8B-0EA3-4AA8-B6B2-7C358EF9EA03}.Debug|x64.Build.0 = Debug|x64
		{3620BD8B-0EA3-4AA8-B6B2-7C358EF9EA03}.Debug|x86.ActiveCfg = Debug|Win32
		{3620BD8B-0EA3-4AA8-B6B2-7C358EF9EA03}.Debug|x86.Build.0 = Debug|Win32
		{3620BD8B-0EA3-4AA8-B6B2-7C358EF9EA03}.Release|x64.ActiveCfg = Release|x64
		{3620BD8B-0EA3-4AA8-B6B2-7C358EF9EA03}.Release|x64.Build.0 = Release|x64
		{3620BD8B-0EA3-4AA8-B6B2-7C358EF9EA03}.Release|x86.ActiveCfg = Release|Win32
		{3620BD8B-0EA3-4AA8-B6B2-7C358EF9EA03}.Release|x86.Build.0 = Release|Win32
		{B1208C24-C3A1-4802-AB51-0058691CC5D1}.Debug|x64.ActiveCfg = Debug|x64
		{B1208C24-C3A1-4802-AB51-0058691CC5D1}.Debug|x64.Build.0 = Debug|x64
		{B1208C24-C3A1-4802-AB51-0058691CC5D1}.Debug|x86.ActiveCfg = Debug|Win32
		{B1208C24-C3A1-4802-AB51-0058691CC5D1}.Debug|x86.Build.0 = Debug|Win32
		{B1208C24-C3A1-4802-AB51-0058691CC5D1}.Release|x64.ActiveCfg = Release|x64
		{B1208C24-C3A1-4802-AB51-0058691CC5D1}.Release|x64.Build.0 = Release|x64
		{B1208C24-C3A1-4802-AB51-0058691CC5D1}.Release|x86.ActiveCfg = Release|Win32
		{B1208C24-C3A1-4802-AB51-0058691CC5D1}.Release|x86.Build.0 = Release|Win32
		{90187C2A-5322-48E6-BE9E-72A3E9B1673C}.Debug|x64.ActiveCfg = Debug|x64
		{90187C2A-5322-48E6-BE9E-72A3E9B1673C}.Debug|x64.Build.0 = Debug|x64
		{90187C2A-5322-48E6-BE9E-72A3E9B1673C}.Debug|x86.ActiveCfg = Debug|Win32
		{90187C2A-5322-48E6-BE9E-72A3E9B1673C}.Debug|x86.Build.0 = Debug|Win32
		{90187C2A-5322-48E6-BE9E-72A3E9B1673C}.Release|x64.ActiveCfg = Release|x64
		{90187C2A-5322-48E6-BE9E-72A3E9B1673C}.Release|x64.Build.0 = Release|x64
		{90187C2A-5322-48E6-BE9E-72A3E9B1673C}.Release|x86.ActiveCfg = Release|Win32
		{90187C2A-5322-48E6-BE9E-72A3E9B1673C}.Release|x86.Build.0 = Release|Win32
		{DC73958E-98C9-4264-AD60-098330ED4416}.Debug|x64.ActiveCfg = Debug|x64
		{DC73958E-98C9-4264-AD60-098330ED4416}.Debug|x64.Build.0 = Debug|x64
		{DC73958E-98C9-4264-AD60-098330ED4416}.Debug|x86.ActiveCfg = Debug|Win32
		{DC73958E-98C9-4264-AD60-098330ED4416}.Debug|x86.Build.0 = Debug|Win32
		{DC73958E-98C9-4264-AD60-098330ED4416}.Release|x64.ActiveCfg = Release|x64
		{DC73958E-98C9-4264-AD60-098330ED4416}.Release|x64.Build.0 = Release|x64
		{DC73958E-98C9-4264-AD60-098330ED4416}.Release|x86.ActiveCfg = Release|Win32
		{DC73958E-98C9-4264-AD60-098330ED4416}.Release|x86.Build.0 = Release|Win32
		{AB35203C-C099-4102-866B-9B41AC51BDE0}.Debug|x64.ActiveCfg = Debug|x64
		{AB35203C-C099-4102-866B-9B41AC51BDE0}.Debug|x64.Build.0 = Debug|x64
		{AB35203C-C099-4102-866B-9B41AC51BDE0}.Debug|x86.ActiveCfg = Debug|Win32
		{AB35203C-C099-4102-866B-9B41AC51BDE0}.Debug|x86.Build.0 = Debug|Win32
		{AB35203C-C099-4102-866B-9B41AC51BDE0}.Release|x64.ActiveCfg = Release|x64
		{AB35203C-C099-4102-866B-9B41AC51BDE0}.Release|x64.Build.0 = Release|x64
		{AB35203C-C099-4102-866B-9B41AC51BDE0}.Release|x86.ActiveCfg = Release|Win32
		{AB35203C-C099-4102-866B-9B41AC51BDE0}.Release|x86.Build.0 = Release|Win32
		{C20ADC9C-98BE-44F7-8580-1414F02B6DCB}.Debug|x64.ActiveCfg = Debug|x64
		{C20ADC9C-98BE-44F7-8580-1414F02B6DCB}.Debug|x64.Build.0 = Debug|x64
		{C20ADC9C-98BE-44F7-8580-1414F02B6DCB}.Debug|x86.ActiveCfg = Debug|Win32
		{C20ADC9C-98BE-44F7-8580-1414F02B6DCB}.Debug|x86.Build.0 = Debug|Win32
		{C20ADC9C-98BE-44F7-8580-1414F02B6DCB}.Release|x64.ActiveCfg = Release|x64
		{C20ADC9C-98BE-44F7-8580-1414F02B6DCB}.Release|x64.Build.0 = Release|x64
		{C20ADC9C-98BE-44F7-8580-1414F02B6DCB}.Release|x86.ActiveCfg = Release|Win32
		{C20ADC9C-98BE-44F7-8580-1414F02B6DCB}.Release|x86.Build.0 = Release|Win32
		{2A7ED7B0-57B0-4A83-99EF-33246E63D8A8}.Debug|x64.ActiveCfg = Debug|x64
		{2A7ED7B0-57B0-4A83-99EF-33246E63D8A8}.Debug|x64.Build.0 = Debug|x64
		{2A7ED7B0-57B0-4A83-99EF-33246E63D8A8}.Debug|x86.ActiveCfg = Debug|Win32
		{2A7ED7B0-57B0-4A83-99EF-33246E63D8A8}.Debug|x86.Build.0 = Debug|Win32
		{2A7ED7B0-57B0-4A83-99EF-33246E63D8A8}.Release|x64.ActiveCfg = Release|x64
		{2A7ED7B0-57B0-4A83-99EF-33246E63D8A8}.Release|x64.Build.0 = Release|x64
		{2A7ED7B0-57B0-4A83-99EF-33246E63D8A8}.Release|x86.ActiveCfg = Release|Win32
		{2A7ED7B0-57B0-4A83-99EF-33246E63D8A8}.Release|x86.Build.0 = Release|Win32
		{D1740049-142D-4C4B-945E-4184E19B516E}.Debug|x64.ActiveCfg = Debug|x64
		{D1740049-142D-4C4B-945E-4184E19B516E}.Debug|x64.Build.0 = Debug|x64
		{D1740049-142D-4C4B-945E-4184E19B516E}.Debug|x86.ActiveCfg = Debug|Win32
		{D1740049-142D-4C4B-945E-4184E19B516E}.Debug|x86.Build.0 = Debug|Win32
		{D1740049-142D-4C4B-945E-4184E19B516E}.Release|x64.ActiveCfg = Release|x64
		{D1740049-142D-4C4B-945E-4184E19B516E}.Release|x64.Build.0 = Release|x64
		{D1740049-142D-4C4B-945E-4184E19B516E}.Release|x86.ActiveCfg = Release|Win32
		{D1740049-142D-4C4B-945E-4184E19B516E}.Release|x86.Build.0 = Release|Win32
		{CF5F3397-A652-41E1-AA11-815078B5C8DB}.Debug|x64.ActiveCfg = Debug|x64
		{CF5F3397-A652-41E1-AA11-815078B5C8DB}.Debug|x64.Build.0 = Debug|x64
		{CF5F3397-A652-41E1-AA11-815078B5C8DB}.Debug|x86.ActiveCfg = Debug|Win32
		{CF5F3397-A652-41E1-AA11-815078B5C8DB}.Debug|x86.Build.0 = Debug|Win32
		{CF5F3397-A652-41E1-AA11-815078B5C8DB}.Release|x64.ActiveCfg = Release|x64
		{CF5F3397-A652-41E1-AA11-815078B5C8DB}.Release|x64.Build.0 = Release|x64
		{CF5F3397-A652-41E1-AA11-815078B5C8DB}.Release|x86.ActiveCfg = Release|Win32
		{CF5F3397-A652-41E1-AA11-815078B5C8DB}.Release|x86.Build.0 = Release|Win32
		{B705FBDA-6D5B-4419-9E90-44B6530837BC}.Debug|x64.ActiveCfg = Debug|x64
		{B705FBDA-6D5B-4419-9E90-44B6530837BC}.Debug|x64.Build.0 = Debug|x64
		{B705FBDA-6D5B-4419-9E90-44B6530837BC}.Debug|x86.ActiveCfg = Debug|Win32
		{B705FBDA-6D5B-4419-9E90-44B6530837BC}.Debug|x86.Build.0 = Debug|Win32
		{B705FBDA-6D5B-4419-9E90-44B6530837BC}.Release|x64.ActiveCfg = Release|x64
		{B705FBDA-6D5B-4419-9E90-44B6530837BC}.Release|x64.Build.0 = Release|x64
		{B705FBDA-6D5B-4419-9E90-44B6530837BC}.Release|x86.ActiveCfg = Release|Win32
		{B705FBDA-6D5B-4419-9E90-44B6530837BC}.Release|x86.Build.0 = Release|Win32
	EndGlobalSection
	GlobalSection(SolutionProperties) = preSolution
		HideSolutionNode = FALSE
	EndGlobalSection
	GlobalSection(ExtensibilityGlobals) = postSolution
		SolutionGuid = {F47F9740-EC29-4DB1-8286-AFAA970D818A}
	EndGlobalSection
EndGlobal
